// !$*UTF8*$!
{
	archiveVersion = 1;
	classes = {
	};
	objectVersion = 50;
	objects = {

/* Begin PBXBuildFile section */
		400C501722244FCC0002C7F6 /* DetailRepositoryProtocol.swift in Sources */ = {isa = PBXBuildFile; fileRef = 400C501622244FCC0002C7F6 /* DetailRepositoryProtocol.swift */; };
		4015BAA72208390C0091011F /* CobaListView.storyboard in Resources */ = {isa = PBXBuildFile; fileRef = 4015BAA52208390C0091011F /* CobaListView.storyboard */; };
		4016BB362223CA55000E974C /* HTTPTask.swift in Sources */ = {isa = PBXBuildFile; fileRef = 4016BB352223CA55000E974C /* HTTPTask.swift */; };
		4016BB382223CCA1000E974C /* ParameterEncoderProtocol.swift in Sources */ = {isa = PBXBuildFile; fileRef = 4016BB372223CCA1000E974C /* ParameterEncoderProtocol.swift */; };
		4016BB3B2223CDE0000E974C /* ParameterEncoding.swift in Sources */ = {isa = PBXBuildFile; fileRef = 4016BB3A2223CDE0000E974C /* ParameterEncoding.swift */; };
		4016BB3D2223D361000E974C /* URLParameterEncoder.swift in Sources */ = {isa = PBXBuildFile; fileRef = 4016BB3C2223D361000E974C /* URLParameterEncoder.swift */; };
		4016BB3F2223D5FD000E974C /* JSONParameterEncoder.swift in Sources */ = {isa = PBXBuildFile; fileRef = 4016BB3E2223D5FD000E974C /* JSONParameterEncoder.swift */; };
		4016BB412223D748000E974C /* NetworkRouter.swift in Sources */ = {isa = PBXBuildFile; fileRef = 4016BB402223D748000E974C /* NetworkRouter.swift */; };
		4016BB432223DB19000E974C /* EndPointType.swift in Sources */ = {isa = PBXBuildFile; fileRef = 4016BB422223DB19000E974C /* EndPointType.swift */; };
		4016BB462223F997000E974C /* Router.swift in Sources */ = {isa = PBXBuildFile; fileRef = 4016BB452223F997000E974C /* Router.swift */; };
		4016BB492224166C000E974C /* MovieEndPoint.swift in Sources */ = {isa = PBXBuildFile; fileRef = 4016BB482224166C000E974C /* MovieEndPoint.swift */; };
		4016BB4B222419C6000E974C /* RootManager.swift in Sources */ = {isa = PBXBuildFile; fileRef = 4016BB4A222419C6000E974C /* RootManager.swift */; };
		4016BB4D22241DDF000E974C /* MovieNetworkManager.swift in Sources */ = {isa = PBXBuildFile; fileRef = 4016BB4C22241DDF000E974C /* MovieNetworkManager.swift */; };
		40213D3222075203002CB0FE /* DetailInteractorProtocol.swift in Sources */ = {isa = PBXBuildFile; fileRef = 40213D3122075203002CB0FE /* DetailInteractorProtocol.swift */; };
		40213D34220753CE002CB0FE /* DetailResp.swift in Sources */ = {isa = PBXBuildFile; fileRef = 40213D33220753CE002CB0FE /* DetailResp.swift */; };
		40213D362207544A002CB0FE /* DetailInteractor.swift in Sources */ = {isa = PBXBuildFile; fileRef = 40213D352207544A002CB0FE /* DetailInteractor.swift */; };
		40213D3822075DD7002CB0FE /* DetailPresenter.swift in Sources */ = {isa = PBXBuildFile; fileRef = 40213D3722075DD7002CB0FE /* DetailPresenter.swift */; };
		40213D3A22075EC3002CB0FE /* DetailView.storyboard in Resources */ = {isa = PBXBuildFile; fileRef = 40213D3922075EC3002CB0FE /* DetailView.storyboard */; };
		40213D3C22075F4A002CB0FE /* DetailView.swift in Sources */ = {isa = PBXBuildFile; fileRef = 40213D3B22075F4A002CB0FE /* DetailView.swift */; };
		40213D3E220760D6002CB0FE /* DetailRouterProtocol.swift in Sources */ = {isa = PBXBuildFile; fileRef = 40213D3D220760D6002CB0FE /* DetailRouterProtocol.swift */; };
		40213D4022076151002CB0FE /* DetailRouter.swift in Sources */ = {isa = PBXBuildFile; fileRef = 40213D3F22076151002CB0FE /* DetailRouter.swift */; };
		40335B1821FDD5D000075CE3 /* AppDelegate.swift in Sources */ = {isa = PBXBuildFile; fileRef = 40335B1721FDD5D000075CE3 /* AppDelegate.swift */; };
		40335B1F21FDD5D100075CE3 /* Assets.xcassets in Resources */ = {isa = PBXBuildFile; fileRef = 40335B1E21FDD5D100075CE3 /* Assets.xcassets */; };
		40335B2221FDD5D100075CE3 /* LaunchScreen.storyboard in Resources */ = {isa = PBXBuildFile; fileRef = 40335B2021FDD5D100075CE3 /* LaunchScreen.storyboard */; };
		40335B2D21FDD5D100075CE3 /* MovieDBTests.swift in Sources */ = {isa = PBXBuildFile; fileRef = 40335B2C21FDD5D100075CE3 /* MovieDBTests.swift */; };
		40335B3C21FDD92800075CE3 /* MovieEntity.swift in Sources */ = {isa = PBXBuildFile; fileRef = 40335B3B21FDD92800075CE3 /* MovieEntity.swift */; };
		40335B3E21FDDA4500075CE3 /* ListRequesterProtocol.swift in Sources */ = {isa = PBXBuildFile; fileRef = 40335B3D21FDDA4500075CE3 /* ListRequesterProtocol.swift */; };
		40335B4021FDDC0A00075CE3 /* ListResponse.swift in Sources */ = {isa = PBXBuildFile; fileRef = 40335B3F21FDDC0A00075CE3 /* ListResponse.swift */; };
		40335B4221FDDDB100075CE3 /* ListInteractor.swift in Sources */ = {isa = PBXBuildFile; fileRef = 40335B4121FDDDB100075CE3 /* ListInteractor.swift */; };
		40335B4B21FDF99000075CE3 /* ListPresenterProtocol.swift in Sources */ = {isa = PBXBuildFile; fileRef = 40335B4A21FDF99000075CE3 /* ListPresenterProtocol.swift */; };
		40335B4D21FDFC0500075CE3 /* ListPresenter.swift in Sources */ = {isa = PBXBuildFile; fileRef = 40335B4C21FDFC0500075CE3 /* ListPresenter.swift */; };
		4052974E2221BD81002B98AC /* ListRepositoriesProtocol.swift in Sources */ = {isa = PBXBuildFile; fileRef = 4052974D2221BD81002B98AC /* ListRepositoriesProtocol.swift */; };
		40620CFE2205B38B00F9BB9A /* RootRouter.swift in Sources */ = {isa = PBXBuildFile; fileRef = 40620CFD2205B38B00F9BB9A /* RootRouter.swift */; };
		40620D002205B8E200F9BB9A /* ListView.storyboard in Resources */ = {isa = PBXBuildFile; fileRef = 40620CFF2205B8E100F9BB9A /* ListView.storyboard */; };
		40620D022205C7FD00F9BB9A /* ListRouterProtocol.swift in Sources */ = {isa = PBXBuildFile; fileRef = 40620D012205C7FD00F9BB9A /* ListRouterProtocol.swift */; };
		40620D052205CBB900F9BB9A /* Main.storyboard in Resources */ = {isa = PBXBuildFile; fileRef = 40620D032205CBB800F9BB9A /* Main.storyboard */; };
		40620D0C2205D14000F9BB9A /* DetailViewProtocol.swift in Sources */ = {isa = PBXBuildFile; fileRef = 40620D0B2205D14000F9BB9A /* DetailViewProtocol.swift */; };
		40620D0E2205D34000F9BB9A /* DetailPresenterProtocol.swift in Sources */ = {isa = PBXBuildFile; fileRef = 40620D0D2205D34000F9BB9A /* DetailPresenterProtocol.swift */; };
		40E942242200A51700F1A186 /* ListView.swift in Sources */ = {isa = PBXBuildFile; fileRef = 40E942232200A51700F1A186 /* ListView.swift */; };
		40EE414C21FF1D7E00B1A782 /* ListViewProtocol.swift in Sources */ = {isa = PBXBuildFile; fileRef = 40EE414B21FF1D7E00B1A782 /* ListViewProtocol.swift */; };
		40EE415021FF273900B1A782 /* ListRouter.swift in Sources */ = {isa = PBXBuildFile; fileRef = 40EE414F21FF273900B1A782 /* ListRouter.swift */; };
		40EE415221FF28B200B1A782 /* MovieRepository.swift in Sources */ = {isa = PBXBuildFile; fileRef = 40EE415121FF28B200B1A782 /* MovieRepository.swift */; };
		40FD6C4722232D2A00FC140C /* HTTPMethod.swift in Sources */ = {isa = PBXBuildFile; fileRef = 40FD6C4622232D2A00FC140C /* HTTPMethod.swift */; };
/* End PBXBuildFile section */

/* Begin PBXContainerItemProxy section */
		40335B2921FDD5D100075CE3 /* PBXContainerItemProxy */ = {
			isa = PBXContainerItemProxy;
			containerPortal = 40335B0C21FDD5D000075CE3 /* Project object */;
			proxyType = 1;
			remoteGlobalIDString = 40335B1321FDD5D000075CE3;
			remoteInfo = MovieDB;
		};
/* End PBXContainerItemProxy section */

/* Begin PBXFileReference section */
		400C501622244FCC0002C7F6 /* DetailRepositoryProtocol.swift */ = {isa = PBXFileReference; lastKnownFileType = sourcecode.swift; path = DetailRepositoryProtocol.swift; sourceTree = "<group>"; };
		4015BAA62208390C0091011F /* Base */ = {isa = PBXFileReference; lastKnownFileType = file.storyboard; name = Base; path = MovieDB/Base.lproj/CobaListView.storyboard; sourceTree = "<group>"; };
		4016BB352223CA55000E974C /* HTTPTask.swift */ = {isa = PBXFileReference; lastKnownFileType = sourcecode.swift; path = HTTPTask.swift; sourceTree = "<group>"; };
		4016BB372223CCA1000E974C /* ParameterEncoderProtocol.swift */ = {isa = PBXFileReference; lastKnownFileType = sourcecode.swift; path = ParameterEncoderProtocol.swift; sourceTree = "<group>"; };
		4016BB3A2223CDE0000E974C /* ParameterEncoding.swift */ = {isa = PBXFileReference; lastKnownFileType = sourcecode.swift; path = ParameterEncoding.swift; sourceTree = "<group>"; };
		4016BB3C2223D361000E974C /* URLParameterEncoder.swift */ = {isa = PBXFileReference; lastKnownFileType = sourcecode.swift; path = URLParameterEncoder.swift; sourceTree = "<group>"; };
		4016BB3E2223D5FD000E974C /* JSONParameterEncoder.swift */ = {isa = PBXFileReference; lastKnownFileType = sourcecode.swift; path = JSONParameterEncoder.swift; sourceTree = "<group>"; };
		4016BB402223D748000E974C /* NetworkRouter.swift */ = {isa = PBXFileReference; lastKnownFileType = sourcecode.swift; path = NetworkRouter.swift; sourceTree = "<group>"; };
		4016BB422223DB19000E974C /* EndPointType.swift */ = {isa = PBXFileReference; lastKnownFileType = sourcecode.swift; path = EndPointType.swift; sourceTree = "<group>"; };
		4016BB452223F997000E974C /* Router.swift */ = {isa = PBXFileReference; lastKnownFileType = sourcecode.swift; path = Router.swift; sourceTree = "<group>"; };
		4016BB482224166C000E974C /* MovieEndPoint.swift */ = {isa = PBXFileReference; lastKnownFileType = sourcecode.swift; path = MovieEndPoint.swift; sourceTree = "<group>"; };
		4016BB4A222419C6000E974C /* RootManager.swift */ = {isa = PBXFileReference; lastKnownFileType = sourcecode.swift; path = RootManager.swift; sourceTree = "<group>"; };
		4016BB4C22241DDF000E974C /* MovieNetworkManager.swift */ = {isa = PBXFileReference; lastKnownFileType = sourcecode.swift; path = MovieNetworkManager.swift; sourceTree = "<group>"; };
		40213D3122075203002CB0FE /* DetailInteractorProtocol.swift */ = {isa = PBXFileReference; lastKnownFileType = sourcecode.swift; path = DetailInteractorProtocol.swift; sourceTree = "<group>"; };
		40213D33220753CE002CB0FE /* DetailResp.swift */ = {isa = PBXFileReference; lastKnownFileType = sourcecode.swift; path = DetailResp.swift; sourceTree = "<group>"; };
		40213D352207544A002CB0FE /* DetailInteractor.swift */ = {isa = PBXFileReference; lastKnownFileType = sourcecode.swift; path = DetailInteractor.swift; sourceTree = "<group>"; };
		40213D3722075DD7002CB0FE /* DetailPresenter.swift */ = {isa = PBXFileReference; lastKnownFileType = sourcecode.swift; path = DetailPresenter.swift; sourceTree = "<group>"; };
		40213D3922075EC3002CB0FE /* DetailView.storyboard */ = {isa = PBXFileReference; lastKnownFileType = file.storyboard; path = DetailView.storyboard; sourceTree = "<group>"; };
		40213D3B22075F4A002CB0FE /* DetailView.swift */ = {isa = PBXFileReference; lastKnownFileType = sourcecode.swift; path = DetailView.swift; sourceTree = "<group>"; };
		40213D3D220760D6002CB0FE /* DetailRouterProtocol.swift */ = {isa = PBXFileReference; lastKnownFileType = sourcecode.swift; path = DetailRouterProtocol.swift; sourceTree = "<group>"; };
		40213D3F22076151002CB0FE /* DetailRouter.swift */ = {isa = PBXFileReference; lastKnownFileType = sourcecode.swift; path = DetailRouter.swift; sourceTree = "<group>"; };
		40335B1421FDD5D000075CE3 /* MovieDB.app */ = {isa = PBXFileReference; explicitFileType = wrapper.application; includeInIndex = 0; path = MovieDB.app; sourceTree = BUILT_PRODUCTS_DIR; };
		40335B1721FDD5D000075CE3 /* AppDelegate.swift */ = {isa = PBXFileReference; lastKnownFileType = sourcecode.swift; path = AppDelegate.swift; sourceTree = "<group>"; };
		40335B1E21FDD5D100075CE3 /* Assets.xcassets */ = {isa = PBXFileReference; lastKnownFileType = folder.assetcatalog; path = Assets.xcassets; sourceTree = "<group>"; };
		40335B2121FDD5D100075CE3 /* Base */ = {isa = PBXFileReference; lastKnownFileType = file.storyboard; name = Base; path = Base.lproj/LaunchScreen.storyboard; sourceTree = "<group>"; };
		40335B2321FDD5D100075CE3 /* Info.plist */ = {isa = PBXFileReference; lastKnownFileType = text.plist.xml; path = Info.plist; sourceTree = "<group>"; };
		40335B2821FDD5D100075CE3 /* MovieDBTests.xctest */ = {isa = PBXFileReference; explicitFileType = wrapper.cfbundle; includeInIndex = 0; path = MovieDBTests.xctest; sourceTree = BUILT_PRODUCTS_DIR; };
		40335B2C21FDD5D100075CE3 /* MovieDBTests.swift */ = {isa = PBXFileReference; lastKnownFileType = sourcecode.swift; path = MovieDBTests.swift; sourceTree = "<group>"; };
		40335B2E21FDD5D100075CE3 /* Info.plist */ = {isa = PBXFileReference; lastKnownFileType = text.plist.xml; path = Info.plist; sourceTree = "<group>"; };
		40335B3B21FDD92800075CE3 /* MovieEntity.swift */ = {isa = PBXFileReference; lastKnownFileType = sourcecode.swift; path = MovieEntity.swift; sourceTree = "<group>"; };
		40335B3D21FDDA4500075CE3 /* ListRequesterProtocol.swift */ = {isa = PBXFileReference; lastKnownFileType = sourcecode.swift; path = ListRequesterProtocol.swift; sourceTree = "<group>"; };
		40335B3F21FDDC0A00075CE3 /* ListResponse.swift */ = {isa = PBXFileReference; lastKnownFileType = sourcecode.swift; path = ListResponse.swift; sourceTree = "<group>"; };
		40335B4121FDDDB100075CE3 /* ListInteractor.swift */ = {isa = PBXFileReference; lastKnownFileType = sourcecode.swift; path = ListInteractor.swift; sourceTree = "<group>"; };
		40335B4A21FDF99000075CE3 /* ListPresenterProtocol.swift */ = {isa = PBXFileReference; lastKnownFileType = sourcecode.swift; path = ListPresenterProtocol.swift; sourceTree = "<group>"; };
		40335B4C21FDFC0500075CE3 /* ListPresenter.swift */ = {isa = PBXFileReference; lastKnownFileType = sourcecode.swift; path = ListPresenter.swift; sourceTree = "<group>"; };
		4052974D2221BD81002B98AC /* ListRepositoriesProtocol.swift */ = {isa = PBXFileReference; lastKnownFileType = sourcecode.swift; path = ListRepositoriesProtocol.swift; sourceTree = "<group>"; };
		40620CFD2205B38B00F9BB9A /* RootRouter.swift */ = {isa = PBXFileReference; lastKnownFileType = sourcecode.swift; path = RootRouter.swift; sourceTree = "<group>"; };
		40620CFF2205B8E100F9BB9A /* ListView.storyboard */ = {isa = PBXFileReference; fileEncoding = 4; lastKnownFileType = file.storyboard; path = ListView.storyboard; sourceTree = "<group>"; };
		40620D012205C7FD00F9BB9A /* ListRouterProtocol.swift */ = {isa = PBXFileReference; lastKnownFileType = sourcecode.swift; path = ListRouterProtocol.swift; sourceTree = "<group>"; };
		40620D042205CBB800F9BB9A /* Base */ = {isa = PBXFileReference; lastKnownFileType = file.storyboard; name = Base; path = Base.lproj/Main.storyboard; sourceTree = "<group>"; };
		40620D0B2205D14000F9BB9A /* DetailViewProtocol.swift */ = {isa = PBXFileReference; lastKnownFileType = sourcecode.swift; path = DetailViewProtocol.swift; sourceTree = "<group>"; };
		40620D0D2205D34000F9BB9A /* DetailPresenterProtocol.swift */ = {isa = PBXFileReference; lastKnownFileType = sourcecode.swift; path = DetailPresenterProtocol.swift; sourceTree = "<group>"; };
		40E942232200A51700F1A186 /* ListView.swift */ = {isa = PBXFileReference; lastKnownFileType = sourcecode.swift; path = ListView.swift; sourceTree = "<group>"; };
		40EE414B21FF1D7E00B1A782 /* ListViewProtocol.swift */ = {isa = PBXFileReference; lastKnownFileType = sourcecode.swift; path = ListViewProtocol.swift; sourceTree = "<group>"; };
		40EE414F21FF273900B1A782 /* ListRouter.swift */ = {isa = PBXFileReference; lastKnownFileType = sourcecode.swift; path = ListRouter.swift; sourceTree = "<group>"; };
		40EE415121FF28B200B1A782 /* MovieRepository.swift */ = {isa = PBXFileReference; lastKnownFileType = sourcecode.swift; path = MovieRepository.swift; sourceTree = "<group>"; };
		40FD6C4622232D2A00FC140C /* HTTPMethod.swift */ = {isa = PBXFileReference; lastKnownFileType = sourcecode.swift; path = HTTPMethod.swift; sourceTree = "<group>"; };
/* End PBXFileReference section */

/* Begin PBXFrameworksBuildPhase section */
		40335B1121FDD5D000075CE3 /* Frameworks */ = {
			isa = PBXFrameworksBuildPhase;
			buildActionMask = 2147483647;
			files = (
			);
			runOnlyForDeploymentPostprocessing = 0;
		};
		40335B2521FDD5D100075CE3 /* Frameworks */ = {
			isa = PBXFrameworksBuildPhase;
			buildActionMask = 2147483647;
			files = (
			);
			runOnlyForDeploymentPostprocessing = 0;
		};
/* End PBXFrameworksBuildPhase section */

/* Begin PBXGroup section */
		4016BB392223CDD3000E974C /* Encoding */ = {
			isa = PBXGroup;
			children = (
				4016BB3A2223CDE0000E974C /* ParameterEncoding.swift */,
				4016BB3C2223D361000E974C /* URLParameterEncoder.swift */,
				4016BB3E2223D5FD000E974C /* JSONParameterEncoder.swift */,
			);
			path = Encoding;
			sourceTree = "<group>";
		};
		4016BB442223F982000E974C /* Manager */ = {
			isa = PBXGroup;
			children = (
				4016BB452223F997000E974C /* Router.swift */,
				4016BB4A222419C6000E974C /* RootManager.swift */,
				4016BB4C22241DDF000E974C /* MovieNetworkManager.swift */,
			);
			path = Manager;
			sourceTree = "<group>";
		};
		4016BB4722241656000E974C /* EndPoint */ = {
			isa = PBXGroup;
			children = (
				4016BB482224166C000E974C /* MovieEndPoint.swift */,
			);
			path = EndPoint;
			sourceTree = "<group>";
		};
		40335B0B21FDD5D000075CE3 = {
			isa = PBXGroup;
			children = (
				4015BAA52208390C0091011F /* CobaListView.storyboard */,
				40335B1621FDD5D000075CE3 /* MovieDB */,
				40335B2B21FDD5D100075CE3 /* MovieDBTests */,
				40335B1521FDD5D000075CE3 /* Products */,
			);
			sourceTree = "<group>";
		};
		40335B1521FDD5D000075CE3 /* Products */ = {
			isa = PBXGroup;
			children = (
				40335B1421FDD5D000075CE3 /* MovieDB.app */,
				40335B2821FDD5D100075CE3 /* MovieDBTests.xctest */,
			);
			name = Products;
			sourceTree = "<group>";
		};
		40335B1621FDD5D000075CE3 /* MovieDB */ = {
			isa = PBXGroup;
			children = (
				40FD6C4422232CB100FC140C /* Network */,
				40335B4421FDE00E00075CE3 /* Repositories */,
				40335B3721FDD63B00075CE3 /* Components */,
				40EE414B21FF1D7E00B1A782 /* ListViewProtocol.swift */,
				40335B1721FDD5D000075CE3 /* AppDelegate.swift */,
				40335B1E21FDD5D100075CE3 /* Assets.xcassets */,
				40335B2021FDD5D100075CE3 /* LaunchScreen.storyboard */,
				40335B2321FDD5D100075CE3 /* Info.plist */,
				40620D032205CBB800F9BB9A /* Main.storyboard */,
			);
			path = MovieDB;
			sourceTree = "<group>";
		};
		40335B2B21FDD5D100075CE3 /* MovieDBTests */ = {
			isa = PBXGroup;
			children = (
				40335B2C21FDD5D100075CE3 /* MovieDBTests.swift */,
				40335B2E21FDD5D100075CE3 /* Info.plist */,
			);
			path = MovieDBTests;
			sourceTree = "<group>";
		};
		40335B3721FDD63B00075CE3 /* Components */ = {
			isa = PBXGroup;
			children = (
				40620D062205CCFC00F9BB9A /* Detail */,
				40620CFC2205B32F00F9BB9A /* Root */,
				40335B3821FDD64500075CE3 /* List */,
			);
			path = Components;
			sourceTree = "<group>";
		};
		40335B3821FDD64500075CE3 /* List */ = {
			isa = PBXGroup;
			children = (
				40335B3A21FDD7C400075CE3 /* Implementations */,
				40335B3921FDD7BB00075CE3 /* Interfaces */,
			);
			path = List;
			sourceTree = "<group>";
		};
		40335B3921FDD7BB00075CE3 /* Interfaces */ = {
			isa = PBXGroup;
			children = (
				40335B3D21FDDA4500075CE3 /* ListRequesterProtocol.swift */,
				40335B3F21FDDC0A00075CE3 /* ListResponse.swift */,
				40335B4A21FDF99000075CE3 /* ListPresenterProtocol.swift */,
				40620D012205C7FD00F9BB9A /* ListRouterProtocol.swift */,
				4052974D2221BD81002B98AC /* ListRepositoriesProtocol.swift */,
			);
			path = Interfaces;
			sourceTree = "<group>";
		};
		40335B3A21FDD7C400075CE3 /* Implementations */ = {
			isa = PBXGroup;
			children = (
				40620CFF2205B8E100F9BB9A /* ListView.storyboard */,
				40335B3B21FDD92800075CE3 /* MovieEntity.swift */,
				40335B4121FDDDB100075CE3 /* ListInteractor.swift */,
				40335B4C21FDFC0500075CE3 /* ListPresenter.swift */,
				40EE414F21FF273900B1A782 /* ListRouter.swift */,
				40E942232200A51700F1A186 /* ListView.swift */,
			);
			path = Implementations;
			sourceTree = "<group>";
		};
		40335B4421FDE00E00075CE3 /* Repositories */ = {
			isa = PBXGroup;
			children = (
				40335B4521FDE02800075CE3 /* Movie */,
			);
			path = Repositories;
			sourceTree = "<group>";
		};
		40335B4521FDE02800075CE3 /* Movie */ = {
			isa = PBXGroup;
			children = (
				40EE415121FF28B200B1A782 /* MovieRepository.swift */,
			);
			path = Movie;
			sourceTree = "<group>";
		};
		40620CFC2205B32F00F9BB9A /* Root */ = {
			isa = PBXGroup;
			children = (
				40620CFD2205B38B00F9BB9A /* RootRouter.swift */,
			);
			path = Root;
			sourceTree = "<group>";
		};
		40620D062205CCFC00F9BB9A /* Detail */ = {
			isa = PBXGroup;
			children = (
				40620D082205CD0C00F9BB9A /* Implementations */,
				40620D072205CD0600F9BB9A /* Interfaces */,
			);
			path = Detail;
			sourceTree = "<group>";
		};
		40620D072205CD0600F9BB9A /* Interfaces */ = {
			isa = PBXGroup;
			children = (
				40620D0B2205D14000F9BB9A /* DetailViewProtocol.swift */,
				40620D0D2205D34000F9BB9A /* DetailPresenterProtocol.swift */,
				40213D3122075203002CB0FE /* DetailInteractorProtocol.swift */,
				40213D33220753CE002CB0FE /* DetailResp.swift */,
				40213D3D220760D6002CB0FE /* DetailRouterProtocol.swift */,
				400C501622244FCC0002C7F6 /* DetailRepositoryProtocol.swift */,
			);
			path = Interfaces;
			sourceTree = "<group>";
		};
		40620D082205CD0C00F9BB9A /* Implementations */ = {
			isa = PBXGroup;
			children = (
				40213D352207544A002CB0FE /* DetailInteractor.swift */,
				40213D3922075EC3002CB0FE /* DetailView.storyboard */,
				40213D3722075DD7002CB0FE /* DetailPresenter.swift */,
				40213D3B22075F4A002CB0FE /* DetailView.swift */,
				40213D3F22076151002CB0FE /* DetailRouter.swift */,
			);
			path = Implementations;
			sourceTree = "<group>";
		};
		40FD6C4422232CB100FC140C /* Network */ = {
			isa = PBXGroup;
			children = (
				4016BB4722241656000E974C /* EndPoint */,
				4016BB442223F982000E974C /* Manager */,
				4016BB392223CDD3000E974C /* Encoding */,
				40FD6C4522232CDD00FC140C /* Interfaces */,
			);
			path = Network;
			sourceTree = "<group>";
		};
		40FD6C4522232CDD00FC140C /* Interfaces */ = {
			isa = PBXGroup;
			children = (
				40FD6C4622232D2A00FC140C /* HTTPMethod.swift */,
				4016BB352223CA55000E974C /* HTTPTask.swift */,
				4016BB372223CCA1000E974C /* ParameterEncoderProtocol.swift */,
				4016BB402223D748000E974C /* NetworkRouter.swift */,
				4016BB422223DB19000E974C /* EndPointType.swift */,
			);
			path = Interfaces;
			sourceTree = "<group>";
		};
/* End PBXGroup section */

/* Begin PBXNativeTarget section */
		40335B1321FDD5D000075CE3 /* MovieDB */ = {
			isa = PBXNativeTarget;
			buildConfigurationList = 40335B3121FDD5D100075CE3 /* Build configuration list for PBXNativeTarget "MovieDB" */;
			buildPhases = (
				40335B1021FDD5D000075CE3 /* Sources */,
				40335B1121FDD5D000075CE3 /* Frameworks */,
				40335B1221FDD5D000075CE3 /* Resources */,
			);
			buildRules = (
			);
			dependencies = (
			);
			name = MovieDB;
			productName = MovieDB;
			productReference = 40335B1421FDD5D000075CE3 /* MovieDB.app */;
			productType = "com.apple.product-type.application";
		};
		40335B2721FDD5D100075CE3 /* MovieDBTests */ = {
			isa = PBXNativeTarget;
			buildConfigurationList = 40335B3421FDD5D100075CE3 /* Build configuration list for PBXNativeTarget "MovieDBTests" */;
			buildPhases = (
				40335B2421FDD5D100075CE3 /* Sources */,
				40335B2521FDD5D100075CE3 /* Frameworks */,
				40335B2621FDD5D100075CE3 /* Resources */,
			);
			buildRules = (
			);
			dependencies = (
				40335B2A21FDD5D100075CE3 /* PBXTargetDependency */,
			);
			name = MovieDBTests;
			productName = MovieDBTests;
			productReference = 40335B2821FDD5D100075CE3 /* MovieDBTests.xctest */;
			productType = "com.apple.product-type.bundle.unit-test";
		};
/* End PBXNativeTarget section */

/* Begin PBXProject section */
		40335B0C21FDD5D000075CE3 /* Project object */ = {
			isa = PBXProject;
			attributes = {
				LastSwiftUpdateCheck = 1010;
				LastUpgradeCheck = 1010;
				ORGANIZATIONNAME = "Matias Alvin";
				TargetAttributes = {
					40335B1321FDD5D000075CE3 = {
						CreatedOnToolsVersion = 10.1;
					};
					40335B2721FDD5D100075CE3 = {
						CreatedOnToolsVersion = 10.1;
						TestTargetID = 40335B1321FDD5D000075CE3;
					};
				};
			};
			buildConfigurationList = 40335B0F21FDD5D000075CE3 /* Build configuration list for PBXProject "MovieDB" */;
			compatibilityVersion = "Xcode 9.3";
			developmentRegion = en;
			hasScannedForEncodings = 0;
			knownRegions = (
				en,
				Base,
			);
			mainGroup = 40335B0B21FDD5D000075CE3;
			productRefGroup = 40335B1521FDD5D000075CE3 /* Products */;
			projectDirPath = "";
			projectRoot = "";
			targets = (
				40335B1321FDD5D000075CE3 /* MovieDB */,
				40335B2721FDD5D100075CE3 /* MovieDBTests */,
			);
		};
/* End PBXProject section */

/* Begin PBXResourcesBuildPhase section */
		40335B1221FDD5D000075CE3 /* Resources */ = {
			isa = PBXResourcesBuildPhase;
			buildActionMask = 2147483647;
			files = (
				40335B2221FDD5D100075CE3 /* LaunchScreen.storyboard in Resources */,
				40620D002205B8E200F9BB9A /* ListView.storyboard in Resources */,
				4015BAA72208390C0091011F /* CobaListView.storyboard in Resources */,
				40335B1F21FDD5D100075CE3 /* Assets.xcassets in Resources */,
				40213D3A22075EC3002CB0FE /* DetailView.storyboard in Resources */,
				40620D052205CBB900F9BB9A /* Main.storyboard in Resources */,
			);
			runOnlyForDeploymentPostprocessing = 0;
		};
		40335B2621FDD5D100075CE3 /* Resources */ = {
			isa = PBXResourcesBuildPhase;
			buildActionMask = 2147483647;
			files = (
			);
			runOnlyForDeploymentPostprocessing = 0;
		};
/* End PBXResourcesBuildPhase section */

/* Begin PBXSourcesBuildPhase section */
		40335B1021FDD5D000075CE3 /* Sources */ = {
			isa = PBXSourcesBuildPhase;
			buildActionMask = 2147483647;
			files = (
				400C501722244FCC0002C7F6 /* DetailRepositoryProtocol.swift in Sources */,
				40EE415221FF28B200B1A782 /* MovieRepository.swift in Sources */,
				40E942242200A51700F1A186 /* ListView.swift in Sources */,
				40EE415021FF273900B1A782 /* ListRouter.swift in Sources */,
				40213D3822075DD7002CB0FE /* DetailPresenter.swift in Sources */,
				4016BB492224166C000E974C /* MovieEndPoint.swift in Sources */,
				40620CFE2205B38B00F9BB9A /* RootRouter.swift in Sources */,
				4016BB432223DB19000E974C /* EndPointType.swift in Sources */,
				40620D0C2205D14000F9BB9A /* DetailViewProtocol.swift in Sources */,
				40620D0E2205D34000F9BB9A /* DetailPresenterProtocol.swift in Sources */,
				40335B4D21FDFC0500075CE3 /* ListPresenter.swift in Sources */,
				4016BB4D22241DDF000E974C /* MovieNetworkManager.swift in Sources */,
				4016BB3D2223D361000E974C /* URLParameterEncoder.swift in Sources */,
				4016BB462223F997000E974C /* Router.swift in Sources */,
				40213D362207544A002CB0FE /* DetailInteractor.swift in Sources */,
				40213D3E220760D6002CB0FE /* DetailRouterProtocol.swift in Sources */,
				40FD6C4722232D2A00FC140C /* HTTPMethod.swift in Sources */,
				40335B4221FDDDB100075CE3 /* ListInteractor.swift in Sources */,
				4016BB382223CCA1000E974C /* ParameterEncoderProtocol.swift in Sources */,
				4016BB362223CA55000E974C /* HTTPTask.swift in Sources */,
				40213D3C22075F4A002CB0FE /* DetailView.swift in Sources */,
				40335B4021FDDC0A00075CE3 /* ListResponse.swift in Sources */,
				40213D4022076151002CB0FE /* DetailRouter.swift in Sources */,
				40335B4B21FDF99000075CE3 /* ListPresenterProtocol.swift in Sources */,
				4052974E2221BD81002B98AC /* ListRepositoriesProtocol.swift in Sources */,
				4016BB4B222419C6000E974C /* RootManager.swift in Sources */,
				4016BB3F2223D5FD000E974C /* JSONParameterEncoder.swift in Sources */,
				4016BB3B2223CDE0000E974C /* ParameterEncoding.swift in Sources */,
				40213D34220753CE002CB0FE /* DetailResp.swift in Sources */,
				40EE414C21FF1D7E00B1A782 /* ListViewProtocol.swift in Sources */,
				40213D3222075203002CB0FE /* DetailInteractorProtocol.swift in Sources */,
				4016BB412223D748000E974C /* NetworkRouter.swift in Sources */,
				40620D022205C7FD00F9BB9A /* ListRouterProtocol.swift in Sources */,
				40335B1821FDD5D000075CE3 /* AppDelegate.swift in Sources */,
				40335B3E21FDDA4500075CE3 /* ListRequesterProtocol.swift in Sources */,
				40335B3C21FDD92800075CE3 /* MovieEntity.swift in Sources */,
			);
			runOnlyForDeploymentPostprocessing = 0;
		};
		40335B2421FDD5D100075CE3 /* Sources */ = {
			isa = PBXSourcesBuildPhase;
			buildActionMask = 2147483647;
			files = (
				40335B2D21FDD5D100075CE3 /* MovieDBTests.swift in Sources */,
			);
			runOnlyForDeploymentPostprocessing = 0;
		};
/* End PBXSourcesBuildPhase section */

/* Begin PBXTargetDependency section */
		40335B2A21FDD5D100075CE3 /* PBXTargetDependency */ = {
			isa = PBXTargetDependency;
			target = 40335B1321FDD5D000075CE3 /* MovieDB */;
			targetProxy = 40335B2921FDD5D100075CE3 /* PBXContainerItemProxy */;
		};
/* End PBXTargetDependency section */

/* Begin PBXVariantGroup section */
		4015BAA52208390C0091011F /* CobaListView.storyboard */ = {
			isa = PBXVariantGroup;
			children = (
				4015BAA62208390C0091011F /* Base */,
			);
			name = CobaListView.storyboard;
			sourceTree = "<group>";
		};
		40335B2021FDD5D100075CE3 /* LaunchScreen.storyboard */ = {
			isa = PBXVariantGroup;
			children = (
				40335B2121FDD5D100075CE3 /* Base */,
			);
			name = LaunchScreen.storyboard;
			sourceTree = "<group>";
		};
		40620D032205CBB800F9BB9A /* Main.storyboard */ = {
			isa = PBXVariantGroup;
			children = (
				40620D042205CBB800F9BB9A /* Base */,
			);
			name = Main.storyboard;
			sourceTree = "<group>";
		};
/* End PBXVariantGroup section */

/* Begin XCBuildConfiguration section */
		40335B2F21FDD5D100075CE3 /* Debug */ = {
			isa = XCBuildConfiguration;
			buildSettings = {
				ALWAYS_SEARCH_USER_PATHS = NO;
				CLANG_ANALYZER_NONNULL = YES;
				CLANG_ANALYZER_NUMBER_OBJECT_CONVERSION = YES_AGGRESSIVE;
				CLANG_CXX_LANGUAGE_STANDARD = "gnu++14";
				CLANG_CXX_LIBRARY = "libc++";
				CLANG_ENABLE_MODULES = YES;
				CLANG_ENABLE_OBJC_ARC = YES;
				CLANG_ENABLE_OBJC_WEAK = YES;
				CLANG_WARN_BLOCK_CAPTURE_AUTORELEASING = YES;
				CLANG_WARN_BOOL_CONVERSION = YES;
				CLANG_WARN_COMMA = YES;
				CLANG_WARN_CONSTANT_CONVERSION = YES;
				CLANG_WARN_DEPRECATED_OBJC_IMPLEMENTATIONS = YES;
				CLANG_WARN_DIRECT_OBJC_ISA_USAGE = YES_ERROR;
				CLANG_WARN_DOCUMENTATION_COMMENTS = YES;
				CLANG_WARN_EMPTY_BODY = YES;
				CLANG_WARN_ENUM_CONVERSION = YES;
				CLANG_WARN_INFINITE_RECURSION = YES;
				CLANG_WARN_INT_CONVERSION = YES;
				CLANG_WARN_NON_LITERAL_NULL_CONVERSION = YES;
				CLANG_WARN_OBJC_IMPLICIT_RETAIN_SELF = YES;
				CLANG_WARN_OBJC_LITERAL_CONVERSION = YES;
				CLANG_WARN_OBJC_ROOT_CLASS = YES_ERROR;
				CLANG_WARN_RANGE_LOOP_ANALYSIS = YES;
				CLANG_WARN_STRICT_PROTOTYPES = YES;
				CLANG_WARN_SUSPICIOUS_MOVE = YES;
				CLANG_WARN_UNGUARDED_AVAILABILITY = YES_AGGRESSIVE;
				CLANG_WARN_UNREACHABLE_CODE = YES;
				CLANG_WARN__DUPLICATE_METHOD_MATCH = YES;
				CODE_SIGN_IDENTITY = "iPhone Developer";
				COPY_PHASE_STRIP = NO;
				DEBUG_INFORMATION_FORMAT = dwarf;
				ENABLE_STRICT_OBJC_MSGSEND = YES;
				ENABLE_TESTABILITY = YES;
				GCC_C_LANGUAGE_STANDARD = gnu11;
				GCC_DYNAMIC_NO_PIC = NO;
				GCC_NO_COMMON_BLOCKS = YES;
				GCC_OPTIMIZATION_LEVEL = 0;
				GCC_PREPROCESSOR_DEFINITIONS = (
					"DEBUG=1",
					"$(inherited)",
				);
				GCC_WARN_64_TO_32_BIT_CONVERSION = YES;
				GCC_WARN_ABOUT_RETURN_TYPE = YES_ERROR;
				GCC_WARN_UNDECLARED_SELECTOR = YES;
				GCC_WARN_UNINITIALIZED_AUTOS = YES_AGGRESSIVE;
				GCC_WARN_UNUSED_FUNCTION = YES;
				GCC_WARN_UNUSED_VARIABLE = YES;
				IPHONEOS_DEPLOYMENT_TARGET = 12.1;
				MTL_ENABLE_DEBUG_INFO = INCLUDE_SOURCE;
				MTL_FAST_MATH = YES;
				ONLY_ACTIVE_ARCH = YES;
				SDKROOT = iphoneos;
				SWIFT_ACTIVE_COMPILATION_CONDITIONS = DEBUG;
				SWIFT_OPTIMIZATION_LEVEL = "-Onone";
			};
			name = Debug;
		};
		40335B3021FDD5D100075CE3 /* Release */ = {
			isa = XCBuildConfiguration;
			buildSettings = {
				ALWAYS_SEARCH_USER_PATHS = NO;
				CLANG_ANALYZER_NONNULL = YES;
				CLANG_ANALYZER_NUMBER_OBJECT_CONVERSION = YES_AGGRESSIVE;
				CLANG_CXX_LANGUAGE_STANDARD = "gnu++14";
				CLANG_CXX_LIBRARY = "libc++";
				CLANG_ENABLE_MODULES = YES;
				CLANG_ENABLE_OBJC_ARC = YES;
				CLANG_ENABLE_OBJC_WEAK = YES;
				CLANG_WARN_BLOCK_CAPTURE_AUTORELEASING = YES;
				CLANG_WARN_BOOL_CONVERSION = YES;
				CLANG_WARN_COMMA = YES;
				CLANG_WARN_CONSTANT_CONVERSION = YES;
				CLANG_WARN_DEPRECATED_OBJC_IMPLEMENTATIONS = YES;
				CLANG_WARN_DIRECT_OBJC_ISA_USAGE = YES_ERROR;
				CLANG_WARN_DOCUMENTATION_COMMENTS = YES;
				CLANG_WARN_EMPTY_BODY = YES;
				CLANG_WARN_ENUM_CONVERSION = YES;
				CLANG_WARN_INFINITE_RECURSION = YES;
				CLANG_WARN_INT_CONVERSION = YES;
				CLANG_WARN_NON_LITERAL_NULL_CONVERSION = YES;
				CLANG_WARN_OBJC_IMPLICIT_RETAIN_SELF = YES;
				CLANG_WARN_OBJC_LITERAL_CONVERSION = YES;
				CLANG_WARN_OBJC_ROOT_CLASS = YES_ERROR;
				CLANG_WARN_RANGE_LOOP_ANALYSIS = YES;
				CLANG_WARN_STRICT_PROTOTYPES = YES;
				CLANG_WARN_SUSPICIOUS_MOVE = YES;
				CLANG_WARN_UNGUARDED_AVAILABILITY = YES_AGGRESSIVE;
				CLANG_WARN_UNREACHABLE_CODE = YES;
				CLANG_WARN__DUPLICATE_METHOD_MATCH = YES;
				CODE_SIGN_IDENTITY = "iPhone Developer";
				COPY_PHASE_STRIP = NO;
				DEBUG_INFORMATION_FORMAT = "dwarf-with-dsym";
				ENABLE_NS_ASSERTIONS = NO;
				ENABLE_STRICT_OBJC_MSGSEND = YES;
				GCC_C_LANGUAGE_STANDARD = gnu11;
				GCC_NO_COMMON_BLOCKS = YES;
				GCC_WARN_64_TO_32_BIT_CONVERSION = YES;
				GCC_WARN_ABOUT_RETURN_TYPE = YES_ERROR;
				GCC_WARN_UNDECLARED_SELECTOR = YES;
				GCC_WARN_UNINITIALIZED_AUTOS = YES_AGGRESSIVE;
				GCC_WARN_UNUSED_FUNCTION = YES;
				GCC_WARN_UNUSED_VARIABLE = YES;
				IPHONEOS_DEPLOYMENT_TARGET = 12.1;
				MTL_ENABLE_DEBUG_INFO = NO;
				MTL_FAST_MATH = YES;
				SDKROOT = iphoneos;
				SWIFT_COMPILATION_MODE = wholemodule;
				SWIFT_OPTIMIZATION_LEVEL = "-O";
				VALIDATE_PRODUCT = YES;
			};
			name = Release;
		};
		40335B3221FDD5D100075CE3 /* Debug */ = {
			isa = XCBuildConfiguration;
			buildSettings = {
				ASSETCATALOG_COMPILER_APPICON_NAME = AppIcon;
				CODE_SIGN_STYLE = Automatic;
				DEVELOPMENT_TEAM = 7GBYZ428MX;
				INFOPLIST_FILE = MovieDB/Info.plist;
				LD_RUNPATH_SEARCH_PATHS = (
					"$(inherited)",
					"@executable_path/Frameworks",
				);
				PRODUCT_BUNDLE_IDENTIFIER = com.myabuy.MovieDB;
				PRODUCT_NAME = "$(TARGET_NAME)";
				SWIFT_VERSION = 4.2;
				TARGETED_DEVICE_FAMILY = "1,2";
			};
			name = Debug;
		};
		40335B3321FDD5D100075CE3 /* Release */ = {
			isa = XCBuildConfiguration;
			buildSettings = {
				ASSETCATALOG_COMPILER_APPICON_NAME = AppIcon;
				CODE_SIGN_STYLE = Automatic;
				DEVELOPMENT_TEAM = 7GBYZ428MX;
				INFOPLIST_FILE = MovieDB/Info.plist;
				LD_RUNPATH_SEARCH_PATHS = (
					"$(inherited)",
					"@executable_path/Frameworks",
				);
				PRODUCT_BUNDLE_IDENTIFIER = com.myabuy.MovieDB;
				PRODUCT_NAME = "$(TARGET_NAME)";
				SWIFT_VERSION = 4.2;
				TARGETED_DEVICE_FAMILY = "1,2";
			};
			name = Release;
		};
		40335B3521FDD5D100075CE3 /* Debug */ = {
			isa = XCBuildConfiguration;
			buildSettings = {
				ALWAYS_EMBED_SWIFT_STANDARD_LIBRARIES = YES;
				BUNDLE_LOADER = "$(TEST_HOST)";
				CODE_SIGN_STYLE = Automatic;
				DEVELOPMENT_TEAM = 7GBYZ428MX;
				INFOPLIST_FILE = MovieDBTests/Info.plist;
				LD_RUNPATH_SEARCH_PATHS = (
					"$(inherited)",
					"@executable_path/Frameworks",
					"@loader_path/Frameworks",
				);
				PRODUCT_BUNDLE_IDENTIFIER = com.myabuy.MovieDBTests;
				PRODUCT_NAME = "$(TARGET_NAME)";
				SWIFT_VERSION = 4.2;
				TARGETED_DEVICE_FAMILY = "1,2";
				TEST_HOST = "$(BUILT_PRODUCTS_DIR)/MovieDB.app/MovieDB";
			};
			name = Debug;
		};
		40335B3621FDD5D100075CE3 /* Release */ = {
			isa = XCBuildConfiguration;
			buildSettings = {
				ALWAYS_EMBED_SWIFT_STANDARD_LIBRARIES = YES;
				BUNDLE_LOADER = "$(TEST_HOST)";
				CODE_SIGN_STYLE = Automatic;
				DEVELOPMENT_TEAM = 7GBYZ428MX;
				INFOPLIST_FILE = MovieDBTests/Info.plist;
				LD_RUNPATH_SEARCH_PATHS = (
					"$(inherited)",
					"@executable_path/Frameworks",
					"@loader_path/Frameworks",
				);
				PRODUCT_BUNDLE_IDENTIFIER = com.myabuy.MovieDBTests;
				PRODUCT_NAME = "$(TARGET_NAME)";
				SWIFT_VERSION = 4.2;
				TARGETED_DEVICE_FAMILY = "1,2";
				TEST_HOST = "$(BUILT_PRODUCTS_DIR)/MovieDB.app/MovieDB";
			};
			name = Release;
		};
/* End XCBuildConfiguration section */

/* Begin XCConfigurationList section */
		40335B0F21FDD5D000075CE3 /* Build configuration list for PBXProject "MovieDB" */ = {
			isa = XCConfigurationList;
			buildConfigurations = (
				40335B2F21FDD5D100075CE3 /* Debug */,
				40335B3021FDD5D100075CE3 /* Release */,
			);
			defaultConfigurationIsVisible = 0;
			defaultConfigurationName = Release;
		};
		40335B3121FDD5D100075CE3 /* Build configuration list for PBXNativeTarget "MovieDB" */ = {
			isa = XCConfigurationList;
			buildConfigurations = (
				40335B3221FDD5D100075CE3 /* Debug */,
				40335B3321FDD5D100075CE3 /* Release */,
			);
			defaultConfigurationIsVisible = 0;
			defaultConfigurationName = Release;
		};
		40335B3421FDD5D100075CE3 /* Build configuration list for PBXNativeTarget "MovieDBTests" */ = {
			isa = XCConfigurationList;
			buildConfigurations = (
				40335B3521FDD5D100075CE3 /* Debug */,
				40335B3621FDD5D100075CE3 /* Release */,
			);
			defaultConfigurationIsVisible = 0;
			defaultConfigurationName = Release;
		};
/* End XCConfigurationList section */
	};
	rootObject = 40335B0C21FDD5D000075CE3 /* Project object */;
}
